<?xml version="1.0" encoding="utf-8"?>
<Project ToolsVersion="4.0" xmlns="http://schemas.microsoft.com/developer/msbuild/2003">
  <ItemGroup>
    <Filter Include="Source Files">
      <UniqueIdentifier>{4FC737F1-C7A5-4376-A066-2A32D752A2FF}</UniqueIdentifier>
      <Extensions>cpp;c;cc;cxx;c++;cppm;ixx;def;odl;idl;hpj;bat;asm;asmx</Extensions>
    </Filter>
    <Filter Include="Header Files">
      <UniqueIdentifier>{93995380-89BD-4b04-88EB-625FBE52EBFB}</UniqueIdentifier>
      <Extensions>h;hh;hpp;hxx;h++;hm;inl;inc;ipp;xsd</Extensions>
    </Filter>
    <Filter Include="Resource Files">
      <UniqueIdentifier>{67DA6AB6-F800-4c08-8B7A-83BB121AAD01}</UniqueIdentifier>
      <Extensions>rc;ico;cur;bmp;dlg;rc2;rct;bin;rgs;gif;jpg;jpeg;jpe;resx;tiff;tif;png;wav;mfcribbon-ms</Extensions>
    </Filter>
    <Filter Include="Source Files\GridObject">
      <UniqueIdentifier>{9aace863-f122-484b-828d-57b9f6ac55d8}</UniqueIdentifier>
    </Filter>
    <Filter Include="Source Files\Input">
      <UniqueIdentifier>{35446365-5397-4c40-a6f8-5b595f7791a6}</UniqueIdentifier>
    </Filter>
    <Filter Include="Source Files\Main">
      <UniqueIdentifier>{912d35ab-28c6-4fa7-b348-fa9cf123b985}</UniqueIdentifier>
    </Filter>
    <Filter Include="Source Files\Renderer">
      <UniqueIdentifier>{b338c20e-9362-4766-8006-35493fb79726}</UniqueIdentifier>
    </Filter>
    <Filter Include="Source Files\Scene">
      <UniqueIdentifier>{10a6f641-8ecd-4739-8cb1-142b23ee997a}</UniqueIdentifier>
    </Filter>
    <Filter Include="Source Files\Vec">
      <UniqueIdentifier>{81eb6819-ff62-494c-acb3-aa8b3044ac96}</UniqueIdentifier>
    </Filter>
    <Filter Include="Source Files\GridObject\Base">
      <UniqueIdentifier>{a231c442-596f-4d20-9324-2c53161e5191}</UniqueIdentifier>
    </Filter>
    <Filter Include="Source Files\GridObject\Implementation">
      <UniqueIdentifier>{9ecf0462-507f-4636-99f3-13412712c225}</UniqueIdentifier>
    </Filter>
  </ItemGroup>
  <ItemGroup>
    <ClCompile Include="main.cpp">
      <Filter>Source Files\Main</Filter>
    </ClCompile>
  </ItemGroup>
  <ItemGroup>
    <ClInclude Include="GridObject.h">
      <Filter>Source Files\GridObject\Base</Filter>
    </ClInclude>
    <ClInclude Include="GridObjectType.h">
      <Filter>Source Files\GridObject\Base</Filter>
    </ClInclude>
    <ClInclude Include="Enemy.h">
      <Filter>Source Files\GridObject\Implementation</Filter>
    </ClInclude>
    <ClInclude Include="Item.h">
      <Filter>Source Files\GridObject\Implementation</Filter>
    </ClInclude>
    <ClInclude Include="Player.h">
      <Filter>Source Files\GridObject\Implementation</Filter>
    </ClInclude>
    <ClInclude Include="PlayerInput.h">
      <Filter>Source Files\Input</Filter>
    </ClInclude>
    <ClInclude Include="CharacterController.h">
      <Filter>Source Files\Main</Filter>
    </ClInclude>
    <ClInclude Include="GameProcessor.h">
      <Filter>Source Files\Main</Filter>
    </ClInclude>
    <ClInclude Include="Renderer.h">
      <Filter>Source Files\Renderer</Filter>
    </ClInclude>
    <ClInclude Include="Grid.h">
      <Filter>Source Files\Scene</Filter>
    </ClInclude>
    <ClInclude Include="ObjCreator.h">
      <Filter>Source Files\Scene</Filter>
    </ClInclude>
    <ClInclude Include="Scene.h">
      <Filter>Source Files\Scene</Filter>
    </ClInclude>
    <ClInclude Include="Vec2.h">
      <Filter>Source Files\Vec</Filter>
    </ClInclude>
  </ItemGroup>
</Project>